
Microsoft Visual Studio Solution File, Format Version 12.00
# Visual Studio Version 16
VisualStudioVersion = 16.0.33529.622
MinimumVisualStudioVersion = 10.0.40219.1
Project("{8BC9CEB8-8B4A-11D0-8D11-00A0C91BC942}") = "6-3 Lighting a Pyramid", "6-3 Lighting a Pyramid\6-3 Lighting a Pyramid.vcxproj", "{60018FFD-F31A-43B4-8F83-4663B9B62E32}"
EndProject
Global
	GlobalSection(SolutionConfigurationPlatforms) = preSolution
		Debug|x64 = Debug|x64
		Debug|x86 = Debug|x86
		Release|x64 = Release|x64
		Release|x86 = Release|x86
	EndGlobalSection
	GlobalSection(ProjectConfigurationPlatforms) = postSolution
		{60018FFD-F31A-43B4-8F83-4663B9B62E32}.Debug|x64.ActiveCfg = Debug|x64
		{60018FFD-F31A-43B4-8F83-4663B9B62E32}.Debug|x64.Build.0 = Debug|x64
		{60018FFD-F31A-43B4-8F83-4663B9B62E32}.Debug|x86.ActiveCfg = Debug|Win32
		{60018FFD-F31A-43B4-8F83-4663B9B62E32}.Debug|x86.Build.0 = Debug|Win32
		{60018FFD-F31A-43B4-8F83-4663B9B62E32}.Release|x64.ActiveCfg = Release|x64
		{60018FFD-F31A-43B4-8F83-4663B9B62E32}.Release|x64.Build.0 = Release|x64
		{60018FFD-F31A-43B4-8F83-4663B9B62E32}.Release|x86.ActiveCfg = Release|Win32
		{60018FFD-F31A-43B4-8F83-4663B9B62E32}.Release|x86.Build.0 = Release|Win32
	EndGlobalSection
	GlobalSection(SolutionProperties) = preSolution
		HideSolutionNode = FALSE
	EndGlobalSection
	GlobalSection(ExtensibilityGlobals) = postSolution
		SolutionGuid = {875606DA-D844-47C1-9271-052CFCC6710A}
	EndGlobalSection
EndGlobal
