
Microsoft Visual Studio Solution File, Format Version 12.00
# Visual Studio Version 16
VisualStudioVersion = 16.0.33529.622
MinimumVisualStudioVersion = 10.0.40219.1
Project("{8BC9CEB8-8B4A-11D0-8D11-00A0C91BC942}") = "5-3 Texturing a Pyramid", "5-3 Texturing a Pyramid\5-3 Texturing a Pyramid.vcxproj", "{0868103B-2A69-4373-AAD8-C80BBB16AC8E}"
EndProject
Global
	GlobalSection(SolutionConfigurationPlatforms) = preSolution
		Debug|x64 = Debug|x64
		Debug|x86 = Debug|x86
		Release|x64 = Release|x64
		Release|x86 = Release|x86
	EndGlobalSection
	GlobalSection(ProjectConfigurationPlatforms) = postSolution
		{0868103B-2A69-4373-AAD8-C80BBB16AC8E}.Debug|x64.ActiveCfg = Debug|x64
		{0868103B-2A69-4373-AAD8-C80BBB16AC8E}.Debug|x64.Build.0 = Debug|x64
		{0868103B-2A69-4373-AAD8-C80BBB16AC8E}.Debug|x86.ActiveCfg = Debug|Win32
		{0868103B-2A69-4373-AAD8-C80BBB16AC8E}.Debug|x86.Build.0 = Debug|Win32
		{0868103B-2A69-4373-AAD8-C80BBB16AC8E}.Release|x64.ActiveCfg = Release|x64
		{0868103B-2A69-4373-AAD8-C80BBB16AC8E}.Release|x64.Build.0 = Release|x64
		{0868103B-2A69-4373-AAD8-C80BBB16AC8E}.Release|x86.ActiveCfg = Release|Win32
		{0868103B-2A69-4373-AAD8-C80BBB16AC8E}.Release|x86.Build.0 = Release|Win32
	EndGlobalSection
	GlobalSection(SolutionProperties) = preSolution
		HideSolutionNode = FALSE
	EndGlobalSection
	GlobalSection(ExtensibilityGlobals) = postSolution
		SolutionGuid = {394015A7-D932-4481-8338-3A5F5DE83233}
	EndGlobalSection
EndGlobal
